
Microsoft Visual Studio Solution File, Format Version 12.00
# Visual Studio Version 17
VisualStudioVersion = 17.11.35222.181
MinimumVisualStudioVersion = 10.0.40219.1
Project("{FAE04EC0-301F-11D3-BF4B-00C04F79EFBC}") = "carte", "carte\carte.csproj", "{DE07A5BA-5D21-420E-9990-9C91AC38A6EC}"
EndProject
Global
	GlobalSection(SolutionConfigurationPlatforms) = preSolution
		Debug|Any CPU = Debug|Any CPU
		Release|Any CPU = Release|Any CPU
	EndGlobalSection
	GlobalSection(ProjectConfigurationPlatforms) = postSolution
		{DE07A5BA-5D21-420E-9990-9C91AC38A6EC}.Debug|Any CPU.ActiveCfg = Debug|Any CPU
		{DE07A5BA-5D21-420E-9990-9C91AC38A6EC}.Debug|Any CPU.Build.0 = Debug|Any CPU
		{DE07A5BA-5D21-420E-9990-9C91AC38A6EC}.Release|Any CPU.ActiveCfg = Release|Any CPU
		{DE07A5BA-5D21-420E-9990-9C91AC38A6EC}.Release|Any CPU.Build.0 = Release|Any CPU
	EndGlobalSection
	GlobalSection(SolutionProperties) = preSolution
		HideSolutionNode = FALSE
	EndGlobalSection
	GlobalSection(ExtensibilityGlobals) = postSolution
		SolutionGuid = {BE46C587-389C-4F27-A51F-C392A1572AD8}
	EndGlobalSection
EndGlobal
